<?xml version="1.0" encoding="utf-8"?>
<Project ToolsVersion="4.0" xmlns="http://schemas.microsoft.com/developer/msbuild/2003">
  <ItemGroup>
    <Filter Include="Source Files">
      <UniqueIdentifier>{4FC737F1-C7A5-4376-A066-2A32D752A2FF}</UniqueIdentifier>
      <Extensions>cpp;c;cc;cxx;def;odl;idl;hpj;bat;asm;asmx</Extensions>
    </Filter>
    <Filter Include="Resource Files">
      <UniqueIdentifier>{67DA6AB6-F800-4c08-8B7A-83BB121AAD01}</UniqueIdentifier>
      <Extensions>rc;ico;cur;bmp;dlg;rc2;rct;bin;rgs;gif;jpg;jpeg;jpe;resx;tiff;tif;png;wav;mfcribbon-ms</Extensions>
    </Filter>
    <Filter Include="math">
      <UniqueIdentifier>{21f98577-325b-46d3-91d8-4f5934f620f2}</UniqueIdentifier>
    </Filter>
    <Filter Include="platform">
      <UniqueIdentifier>{fe59155e-14ee-4b7c-8b46-797988f6f520}</UniqueIdentifier>
    </Filter>
    <Filter Include="common">
      <UniqueIdentifier>{93995380-89BD-4b04-88EB-625FBE52EBFB}</UniqueIdentifier>
      <Extensions>h;hh;hpp;hxx;hm;inl;inc;xsd</Extensions>
    </Filter>
    <Filter Include="InitDirect3DApp">
      <UniqueIdentifier>{d26b6efb-be86-4a61-8369-a4be2e0edc66}</UniqueIdentifier>
    </Filter>
    <Filter Include="BoxApp">
      <UniqueIdentifier>{ee280307-723b-4cc4-bce7-0769784788c1}</UniqueIdentifier>
    </Filter>
    <Filter Include="RHI">
      <UniqueIdentifier>{b4e792dd-792c-4776-8fca-8cda996905a8}</UniqueIdentifier>
    </Filter>
    <Filter Include="Graphic">
      <UniqueIdentifier>{bb905830-819e-4af8-8c5c-6270eece36c7}</UniqueIdentifier>
    </Filter>
    <Filter Include="RHI\d3d12">
      <UniqueIdentifier>{f9d7020e-db1d-446f-a4ec-7d801fd2c6f6}</UniqueIdentifier>
    </Filter>
    <Filter Include="thiry">
      <UniqueIdentifier>{3b36e0c6-5419-4ef1-8f0d-c14f5b7b3ff4}</UniqueIdentifier>
    </Filter>
  </ItemGroup>
  <ItemGroup>
    <ClCompile Include="main.cpp">
      <Filter>Source Files</Filter>
    </ClCompile>
    <ClCompile Include="math\Mat4.cpp">
      <Filter>math</Filter>
    </ClCompile>
    <ClCompile Include="math\Vec2.cpp">
      <Filter>math</Filter>
    </ClCompile>
    <ClCompile Include="math\Vec3.cpp">
      <Filter>math</Filter>
    </ClCompile>
    <ClCompile Include="math\Vec4.cpp">
      <Filter>math</Filter>
    </ClCompile>
    <ClCompile Include="math\Color.cpp">
      <Filter>math</Filter>
    </ClCompile>
    <ClCompile Include="common\d3dApp.cpp">
      <Filter>common</Filter>
    </ClCompile>
    <ClCompile Include="common\d3dUtil.cpp">
      <Filter>common</Filter>
    </ClCompile>
    <ClCompile Include="common\DDSTextureLoader.cpp">
      <Filter>common</Filter>
    </ClCompile>
    <ClCompile Include="common\GameTimer.cpp">
      <Filter>common</Filter>
    </ClCompile>
    <ClCompile Include="common\GeometryGenerator.cpp">
      <Filter>common</Filter>
    </ClCompile>
    <ClCompile Include="InitDirect3DApp\InitDirect3DApp.cpp">
      <Filter>InitDirect3DApp</Filter>
    </ClCompile>
    <ClCompile Include="BoxApp\BoxApp.cpp">
      <Filter>BoxApp</Filter>
    </ClCompile>
    <ClCompile Include="math\Random.cpp">
      <Filter>math</Filter>
    </ClCompile>
    <ClCompile Include="common\MeshLoader.cpp">
      <Filter>common</Filter>
    </ClCompile>
    <ClCompile Include="common\Waves.cpp">
      <Filter>common</Filter>
    </ClCompile>
    <ClCompile Include="common\BundleReader.cpp">
      <Filter>common</Filter>
    </ClCompile>
    <ClCompile Include="common\Camera.cpp">
      <Filter>common</Filter>
    </ClCompile>
    <ClCompile Include="math\AABB.cpp">
      <Filter>math</Filter>
    </ClCompile>
    <ClCompile Include="RHI\RHIGrahpicSystem.cpp">
      <Filter>RHI</Filter>
    </ClCompile>
    <ClCompile Include="RHI\d3d12\RHID3D12.cpp">
      <Filter>RHI\d3d12</Filter>
    </ClCompile>
    <ClCompile Include="thiry\xxHash\xxhash.c">
      <Filter>thiry</Filter>
    </ClCompile>
    <ClCompile Include="thiry\xxHash\xxhsum.c">
      <Filter>thiry</Filter>
    </ClCompile>
    <ClCompile Include="RHI\RHIShader.cpp">
      <Filter>RHI</Filter>
    </ClCompile>
    <ClCompile Include="RHI\d3d12\D3D12Api.cpp">
      <Filter>RHI\d3d12</Filter>
    </ClCompile>
    <ClCompile Include="RHI\RHIUserConstant.cpp">
      <Filter>RHI</Filter>
    </ClCompile>
    <ClCompile Include="RHI\RHIBind.cpp">
      <Filter>RHI</Filter>
    </ClCompile>
    <ClCompile Include="RHI\RHIVSShader.cpp">
      <Filter>RHI</Filter>
    </ClCompile>
    <ClCompile Include="RHI\RHIPSShader.cpp">
      <Filter>RHI</Filter>
    </ClCompile>
    <ClCompile Include="RHI\d3d12\RHID3D12Shader.cpp">
      <Filter>RHI\d3d12</Filter>
    </ClCompile>
    <ClCompile Include="RHI\RHIShaderKey.cpp">
      <Filter>Source Files</Filter>
    </ClCompile>
    <ClCompile Include="RHI\RHITexture.cpp">
      <Filter>RHI</Filter>
    </ClCompile>
    <ClCompile Include="RHI\d3d12\RHID3D12VertexIndex.cpp">
      <Filter>RHI\d3d12</Filter>
    </ClCompile>
    <ClCompile Include="RHI\RHIDataBuffer.cpp">
      <Filter>RHI</Filter>
    </ClCompile>
    <ClCompile Include="RHI\RHIIndexBuffer.cpp">
      <Filter>RHI</Filter>
    </ClCompile>
    <ClCompile Include="RHI\RHIVertexBuffer.cpp">
      <Filter>RHI</Filter>
    </ClCompile>
    <ClCompile Include="RHI\RHIVertexFormat.cpp">
      <Filter>RHI</Filter>
    </ClCompile>
  </ItemGroup>
  <ItemGroup>
    <ClInclude Include="math\Mat4.h">
      <Filter>math</Filter>
    </ClInclude>
    <ClInclude Include="math\Vec2.h">
      <Filter>math</Filter>
    </ClInclude>
    <ClInclude Include="math\Vec3.h">
      <Filter>math</Filter>
    </ClInclude>
    <ClInclude Include="math\Vec4.h">
      <Filter>math</Filter>
    </ClInclude>
    <ClInclude Include="math\MathDefs.h">
      <Filter>math</Filter>
    </ClInclude>
    <ClInclude Include="math\Color.h">
      <Filter>math</Filter>
    </ClInclude>
    <ClInclude Include="platform\PlatformConfig.h">
      <Filter>platform</Filter>
    </ClInclude>
    <ClInclude Include="UploadBuffer.h">
      <Filter>common</Filter>
    </ClInclude>
    <ClInclude Include="common\d3dApp.h">
      <Filter>common</Filter>
    </ClInclude>
    <ClInclude Include="common\d3dUtil.h">
      <Filter>common</Filter>
    </ClInclude>
    <ClInclude Include="common\d3dx12.h">
      <Filter>common</Filter>
    </ClInclude>
    <ClInclude Include="common\DDSTextureLoader.h">
      <Filter>common</Filter>
    </ClInclude>
    <ClInclude Include="common\GameTimer.h">
      <Filter>common</Filter>
    </ClInclude>
    <ClInclude Include="common\GeometryGenerator.h">
      <Filter>common</Filter>
    </ClInclude>
    <ClInclude Include="common\Macros.h">
      <Filter>common</Filter>
    </ClInclude>
    <ClInclude Include="InitDirect3DApp\InitDirect3DApp.h">
      <Filter>InitDirect3DApp</Filter>
    </ClInclude>
    <ClInclude Include="BoxApp\BoxApp.h">
      <Filter>BoxApp</Filter>
    </ClInclude>
    <ClInclude Include="math\Random.h">
      <Filter>math</Filter>
    </ClInclude>
    <ClInclude Include="common\MeshLoader.h">
      <Filter>common</Filter>
    </ClInclude>
    <ClInclude Include="common\Waves.h">
      <Filter>common</Filter>
    </ClInclude>
    <ClInclude Include="common\BundleReader.h">
      <Filter>common</Filter>
    </ClInclude>
    <ClInclude Include="common\Camera.h">
      <Filter>common</Filter>
    </ClInclude>
    <ClInclude Include="math\AABB.h">
      <Filter>math</Filter>
    </ClInclude>
    <ClInclude Include="RHI\RHIGrahpicSystem.h">
      <Filter>RHI</Filter>
    </ClInclude>
    <ClInclude Include="Graphic\GraphicsDefs.h">
      <Filter>Graphic</Filter>
    </ClInclude>
    <ClInclude Include="Graphic\FlagSet.h">
      <Filter>Graphic</Filter>
    </ClInclude>
    <ClInclude Include="RHI\d3d12\RHID3D12.h">
      <Filter>RHI\d3d12</Filter>
    </ClInclude>
    <ClInclude Include="thiry\xxHash\xxhash.h">
      <Filter>thiry</Filter>
    </ClInclude>
    <ClInclude Include="thiry\fasthash\fasthash.h">
      <Filter>thiry</Filter>
    </ClInclude>
    <ClInclude Include="RHI\RHIShader.h">
      <Filter>RHI</Filter>
    </ClInclude>
    <ClInclude Include="RHI\d3d12\D3D12GPUObject.h">
      <Filter>RHI\d3d12</Filter>
    </ClInclude>
    <ClInclude Include="RHI\d3d12\D3D12Api.h">
      <Filter>RHI\d3d12</Filter>
    </ClInclude>
    <ClInclude Include="RHI\RHIUserConstant.h">
      <Filter>RHI</Filter>
    </ClInclude>
    <ClInclude Include="RHI\RHIBind.h">
      <Filter>RHI</Filter>
    </ClInclude>
    <ClInclude Include="RHI\RHIVSShader.h">
      <Filter>RHI</Filter>
    </ClInclude>
    <ClInclude Include="RHI\RHIPSShader.h">
      <Filter>RHI</Filter>
    </ClInclude>
    <ClInclude Include="RHI\d3d12\D3D12Resource.h">
      <Filter>RHI\d3d12</Filter>
    </ClInclude>
    <ClInclude Include="RHI\RHIShaderKey.h">
      <Filter>common</Filter>
    </ClInclude>
    <ClInclude Include="RHI\RHITexture.h">
      <Filter>RHI</Filter>
    </ClInclude>
    <ClInclude Include="RHI\RHIDataBuffer.h">
      <Filter>RHI</Filter>
    </ClInclude>
    <ClInclude Include="RHI\RHIIndexBuffer.h">
      <Filter>RHI</Filter>
    </ClInclude>
    <ClInclude Include="RHI\RHIVertexBuffer.h">
      <Filter>RHI</Filter>
    </ClInclude>
    <ClInclude Include="RHI\RHIVertexFormat.h">
      <Filter>RHI</Filter>
    </ClInclude>
  </ItemGroup>
  <ItemGroup>
    <None Include="Shaders\color.hlsl">
      <Filter>Resource Files</Filter>
    </None>
    <None Include="BoxApp\color.hlsl">
      <Filter>BoxApp</Filter>
    </None>
    <None Include="thiry\fasthash\fasthash.inl">
      <Filter>thiry</Filter>
    </None>
  </ItemGroup>
</Project>