<?xml version="1.0" encoding="utf-8"?>
<Project ToolsVersion="4.0" xmlns="http://schemas.microsoft.com/developer/msbuild/2003">
  <ItemGroup>
    <Filter Include="Source Files">
      <UniqueIdentifier>{4FC737F1-C7A5-4376-A066-2A32D752A2FF}</UniqueIdentifier>
      <Extensions>cpp;c;cc;cxx;def;odl;idl;hpj;bat;asm;asmx</Extensions>
    </Filter>
    <Filter Include="Resource Files">
      <UniqueIdentifier>{67DA6AB6-F800-4c08-8B7A-83BB121AAD01}</UniqueIdentifier>
      <Extensions>rc;ico;cur;bmp;dlg;rc2;rct;bin;rgs;gif;jpg;jpeg;jpe;resx;tiff;tif;png;wav;mfcribbon-ms</Extensions>
    </Filter>
    <Filter Include="math">
      <UniqueIdentifier>{21f98577-325b-46d3-91d8-4f5934f620f2}</UniqueIdentifier>
    </Filter>
    <Filter Include="platform">
      <UniqueIdentifier>{fe59155e-14ee-4b7c-8b46-797988f6f520}</UniqueIdentifier>
    </Filter>
    <Filter Include="common">
      <UniqueIdentifier>{93995380-89BD-4b04-88EB-625FBE52EBFB}</UniqueIdentifier>
      <Extensions>h;hh;hpp;hxx;hm;inl;inc;xsd</Extensions>
    </Filter>
    <Filter Include="InitDirect3DApp">
      <UniqueIdentifier>{d26b6efb-be86-4a61-8369-a4be2e0edc66}</UniqueIdentifier>
    </Filter>
    <Filter Include="BoxApp">
      <UniqueIdentifier>{ee280307-723b-4cc4-bce7-0769784788c1}</UniqueIdentifier>
    </Filter>
    <Filter Include="BoxAppTwoSlot">
      <UniqueIdentifier>{2dc79062-0b98-4bc8-a0d7-22bcde8227d8}</UniqueIdentifier>
    </Filter>
    <Filter Include="LandAndWaves">
      <UniqueIdentifier>{9e857699-3aac-4e5b-a5ec-85331fe5c441}</UniqueIdentifier>
    </Filter>
    <Filter Include="ShapesApp">
      <UniqueIdentifier>{5d4ef10e-7c1f-4b2d-9134-1a23bb31a4cf}</UniqueIdentifier>
    </Filter>
    <Filter Include="ShapesSkullApp">
      <UniqueIdentifier>{981e7ab2-0d10-4300-a4f0-fd79f39bf692}</UniqueIdentifier>
    </Filter>
    <Filter Include="LitWaves">
      <UniqueIdentifier>{325040f0-748e-443c-b108-0a2748058034}</UniqueIdentifier>
    </Filter>
    <Filter Include="LitColumns">
      <UniqueIdentifier>{f438cdac-fd09-4c82-a041-dfa866aebe2e}</UniqueIdentifier>
    </Filter>
    <Filter Include="TexBox">
      <UniqueIdentifier>{608cc336-5fa3-4b75-8d1f-81848af14304}</UniqueIdentifier>
    </Filter>
    <Filter Include="TexWaves">
      <UniqueIdentifier>{001de38c-61c4-4aa5-af8b-f094dcb4c85c}</UniqueIdentifier>
    </Filter>
    <Filter Include="BlendWaves">
      <UniqueIdentifier>{51f62c86-8600-4c2f-9dc5-1ef1f3506788}</UniqueIdentifier>
    </Filter>
    <Filter Include="MultiTexBox">
      <UniqueIdentifier>{a6d79b06-ece9-4f2e-91d4-5e14bb4d92a8}</UniqueIdentifier>
    </Filter>
    <Filter Include="TexColumns">
      <UniqueIdentifier>{b9241bfa-63dc-40d8-bfd6-59260a2cab4e}</UniqueIdentifier>
    </Filter>
  </ItemGroup>
  <ItemGroup>
    <ClCompile Include="main.cpp">
      <Filter>Source Files</Filter>
    </ClCompile>
    <ClCompile Include="math\Mat4.cpp">
      <Filter>math</Filter>
    </ClCompile>
    <ClCompile Include="math\Vec2.cpp">
      <Filter>math</Filter>
    </ClCompile>
    <ClCompile Include="math\Vec3.cpp">
      <Filter>math</Filter>
    </ClCompile>
    <ClCompile Include="math\Vec4.cpp">
      <Filter>math</Filter>
    </ClCompile>
    <ClCompile Include="math\Color.cpp">
      <Filter>math</Filter>
    </ClCompile>
    <ClCompile Include="common\d3dApp.cpp">
      <Filter>common</Filter>
    </ClCompile>
    <ClCompile Include="common\d3dUtil.cpp">
      <Filter>common</Filter>
    </ClCompile>
    <ClCompile Include="common\DDSTextureLoader.cpp">
      <Filter>common</Filter>
    </ClCompile>
    <ClCompile Include="common\GameTimer.cpp">
      <Filter>common</Filter>
    </ClCompile>
    <ClCompile Include="common\GeometryGenerator.cpp">
      <Filter>common</Filter>
    </ClCompile>
    <ClCompile Include="InitDirect3DApp\InitDirect3DApp.cpp">
      <Filter>InitDirect3DApp</Filter>
    </ClCompile>
    <ClCompile Include="BoxApp\BoxApp.cpp">
      <Filter>BoxApp</Filter>
    </ClCompile>
    <ClCompile Include="ShapesApp\FrameResource.cpp">
      <Filter>ShapesApp</Filter>
    </ClCompile>
    <ClCompile Include="ShapesApp\ShapesApp.cpp">
      <Filter>ShapesApp</Filter>
    </ClCompile>
    <ClCompile Include="BoxAppTwoSlot\BoxAppTwoSlot.cpp">
      <Filter>BoxAppTwoSlot</Filter>
    </ClCompile>
    <ClCompile Include="LandAndWaves\FrameResource.cpp">
      <Filter>LandAndWaves</Filter>
    </ClCompile>
    <ClCompile Include="LandAndWaves\LandAndWaves.cpp">
      <Filter>LandAndWaves</Filter>
    </ClCompile>
    <ClCompile Include="math\Random.cpp">
      <Filter>math</Filter>
    </ClCompile>
    <ClCompile Include="ShapesSkullApp\FrameResource.cpp">
      <Filter>ShapesSkullApp</Filter>
    </ClCompile>
    <ClCompile Include="ShapesSkullApp\ShapesSkullApp.cpp">
      <Filter>ShapesSkullApp</Filter>
    </ClCompile>
    <ClCompile Include="common\MeshLoader.cpp">
      <Filter>common</Filter>
    </ClCompile>
    <ClCompile Include="LitWaves\FrameResource.cpp">
      <Filter>LitWaves</Filter>
    </ClCompile>
    <ClCompile Include="LitWaves\LitWaves.cpp">
      <Filter>LitWaves</Filter>
    </ClCompile>
    <ClCompile Include="common\Waves.cpp">
      <Filter>common</Filter>
    </ClCompile>
    <ClCompile Include="LitColumns\FrameResource.cpp">
      <Filter>LitColumns</Filter>
    </ClCompile>
    <ClCompile Include="LitColumns\LitColumns.cpp">
      <Filter>LitColumns</Filter>
    </ClCompile>
    <ClCompile Include="TexBox\TexBox.cpp">
      <Filter>TexBox</Filter>
    </ClCompile>
    <ClCompile Include="TexWaves\FrameResource.cpp">
      <Filter>TexWaves</Filter>
    </ClCompile>
    <ClCompile Include="TexWaves\TexWaves.cpp">
      <Filter>TexWaves</Filter>
    </ClCompile>
    <ClCompile Include="BlendWaves\FrameResource.cpp">
      <Filter>BlendWaves</Filter>
    </ClCompile>
    <ClCompile Include="BlendWaves\BlendWaves.cpp">
      <Filter>BlendWaves</Filter>
    </ClCompile>
    <ClCompile Include="common\BundleReader.cpp">
      <Filter>common</Filter>
    </ClCompile>
    <ClCompile Include="MultiTexBox\MultiTexBox.cpp">
      <Filter>MultiTexBox</Filter>
    </ClCompile>
    <ClCompile Include="TexColumns\FrameResource.cpp">
      <Filter>TexColumns</Filter>
    </ClCompile>
    <ClCompile Include="TexColumns\TexColumns.cpp">
      <Filter>TexColumns</Filter>
    </ClCompile>
  </ItemGroup>
  <ItemGroup>
    <ClInclude Include="math\Mat4.h">
      <Filter>math</Filter>
    </ClInclude>
    <ClInclude Include="math\Vec2.h">
      <Filter>math</Filter>
    </ClInclude>
    <ClInclude Include="math\Vec3.h">
      <Filter>math</Filter>
    </ClInclude>
    <ClInclude Include="math\Vec4.h">
      <Filter>math</Filter>
    </ClInclude>
    <ClInclude Include="math\MathDefs.h">
      <Filter>math</Filter>
    </ClInclude>
    <ClInclude Include="math\Color.h">
      <Filter>math</Filter>
    </ClInclude>
    <ClInclude Include="platform\PlatformConfig.h">
      <Filter>platform</Filter>
    </ClInclude>
    <ClInclude Include="UploadBuffer.h">
      <Filter>common</Filter>
    </ClInclude>
    <ClInclude Include="common\d3dApp.h">
      <Filter>common</Filter>
    </ClInclude>
    <ClInclude Include="common\d3dUtil.h">
      <Filter>common</Filter>
    </ClInclude>
    <ClInclude Include="common\d3dx12.h">
      <Filter>common</Filter>
    </ClInclude>
    <ClInclude Include="common\DDSTextureLoader.h">
      <Filter>common</Filter>
    </ClInclude>
    <ClInclude Include="common\GameTimer.h">
      <Filter>common</Filter>
    </ClInclude>
    <ClInclude Include="common\GeometryGenerator.h">
      <Filter>common</Filter>
    </ClInclude>
    <ClInclude Include="common\Macros.h">
      <Filter>common</Filter>
    </ClInclude>
    <ClInclude Include="InitDirect3DApp\InitDirect3DApp.h">
      <Filter>InitDirect3DApp</Filter>
    </ClInclude>
    <ClInclude Include="BoxApp\BoxApp.h">
      <Filter>BoxApp</Filter>
    </ClInclude>
    <ClInclude Include="ShapesApp\FrameResource.h">
      <Filter>ShapesApp</Filter>
    </ClInclude>
    <ClInclude Include="ShapesApp\ShapesApp.h">
      <Filter>ShapesApp</Filter>
    </ClInclude>
    <ClInclude Include="BoxAppTwoSlot\BoxAppTwoSlot.h">
      <Filter>BoxAppTwoSlot</Filter>
    </ClInclude>
    <ClInclude Include="LandAndWaves\FrameResource.h">
      <Filter>LandAndWaves</Filter>
    </ClInclude>
    <ClInclude Include="LandAndWaves\LandAndWaves.h">
      <Filter>LandAndWaves</Filter>
    </ClInclude>
    <ClInclude Include="math\Random.h">
      <Filter>math</Filter>
    </ClInclude>
    <ClInclude Include="ShapesSkullApp\FrameResource.h">
      <Filter>ShapesSkullApp</Filter>
    </ClInclude>
    <ClInclude Include="ShapesSkullApp\ShapesSkullApp.h">
      <Filter>ShapesSkullApp</Filter>
    </ClInclude>
    <ClInclude Include="common\MeshLoader.h">
      <Filter>common</Filter>
    </ClInclude>
    <ClInclude Include="LitWaves\FrameResource.h">
      <Filter>LitWaves</Filter>
    </ClInclude>
    <ClInclude Include="LitWaves\LitWaves.h">
      <Filter>LitWaves</Filter>
    </ClInclude>
    <ClInclude Include="common\Waves.h">
      <Filter>common</Filter>
    </ClInclude>
    <ClInclude Include="LitColumns\FrameResource.h">
      <Filter>LitColumns</Filter>
    </ClInclude>
    <ClInclude Include="LitColumns\LitColumns.h">
      <Filter>LitColumns</Filter>
    </ClInclude>
    <ClInclude Include="TexBox\TexBox.h">
      <Filter>TexBox</Filter>
    </ClInclude>
    <ClInclude Include="TexWaves\FrameResource.h">
      <Filter>TexWaves</Filter>
    </ClInclude>
    <ClInclude Include="TexWaves\TexWaves.h">
      <Filter>TexWaves</Filter>
    </ClInclude>
    <ClInclude Include="BlendWaves\FrameResource.h">
      <Filter>BlendWaves</Filter>
    </ClInclude>
    <ClInclude Include="BlendWaves\BlendWaves.h">
      <Filter>BlendWaves</Filter>
    </ClInclude>
    <ClInclude Include="common\BundleReader.h">
      <Filter>common</Filter>
    </ClInclude>
    <ClInclude Include="MultiTexBox\MultiTexBox.h">
      <Filter>MultiTexBox</Filter>
    </ClInclude>
    <ClInclude Include="TexColumns\FrameResource.h">
      <Filter>TexColumns</Filter>
    </ClInclude>
    <ClInclude Include="TexColumns\TexColumns.h">
      <Filter>TexColumns</Filter>
    </ClInclude>
  </ItemGroup>
  <ItemGroup>
    <None Include="Shaders\color.hlsl">
      <Filter>Resource Files</Filter>
    </None>
    <None Include="BoxApp\color.hlsl">
      <Filter>BoxApp</Filter>
    </None>
    <None Include="ShapesApp\color.hlsl">
      <Filter>ShapesApp</Filter>
    </None>
    <None Include="BoxAppTwoSlot\color.hlsl">
      <Filter>BoxAppTwoSlot</Filter>
    </None>
    <None Include="LandAndWaves\color.hlsl">
      <Filter>LandAndWaves</Filter>
    </None>
    <None Include="ShapesSkullApp\color.hlsl">
      <Filter>ShapesSkullApp</Filter>
    </None>
    <None Include="LitWaves\Default.hlsl">
      <Filter>LitWaves</Filter>
    </None>
    <None Include="LitWaves\LightingUtil.hlsl">
      <Filter>LitWaves</Filter>
    </None>
    <None Include="LitColumns\Default.hlsl">
      <Filter>LitColumns</Filter>
    </None>
    <None Include="LitColumns\LightingUtil.hlsl">
      <Filter>LitColumns</Filter>
    </None>
    <None Include="TexBox\color.hlsl">
      <Filter>TexBox</Filter>
    </None>
    <None Include="TexWaves\Default.hlsl">
      <Filter>TexWaves</Filter>
    </None>
    <None Include="TexWaves\LightingUtil.hlsl">
      <Filter>TexWaves</Filter>
    </None>
    <None Include="BlendWaves\Default.hlsl">
      <Filter>BlendWaves</Filter>
    </None>
    <None Include="BlendWaves\LightingUtil.hlsl">
      <Filter>BlendWaves</Filter>
    </None>
    <None Include="MultiTexBox\color.hlsl">
      <Filter>MultiTexBox</Filter>
    </None>
    <None Include="TexColumns\Default.hlsl">
      <Filter>TexColumns</Filter>
    </None>
    <None Include="TexColumns\LightingUtil.hlsl">
      <Filter>TexColumns</Filter>
    </None>
  </ItemGroup>
</Project>